// !$*UTF8*$!
{
	archiveVersion = 1;
	classes = {
	};
	objectVersion = 46;
	objects = {

/* Begin PBXBuildFile section */
		674F0B661D094FD700D230A2 /* AppDelegate.swift in Sources */ = {isa = PBXBuildFile; fileRef = 674F0B651D094FD700D230A2 /* AppDelegate.swift */; };
		674F0B681D094FD700D230A2 /* ViewController.swift in Sources */ = {isa = PBXBuildFile; fileRef = 674F0B671D094FD700D230A2 /* ViewController.swift */; };
		674F0B6B1D094FD700D230A2 /* Main.storyboard in Resources */ = {isa = PBXBuildFile; fileRef = 674F0B691D094FD700D230A2 /* Main.storyboard */; };
		674F0B6D1D094FD700D230A2 /* Assets.xcassets in Resources */ = {isa = PBXBuildFile; fileRef = 674F0B6C1D094FD700D230A2 /* Assets.xcassets */; };
		674F0B701D094FD700D230A2 /* LaunchScreen.storyboard in Resources */ = {isa = PBXBuildFile; fileRef = 674F0B6E1D094FD700D230A2 /* LaunchScreen.storyboard */; };
		674F0B7B1D094FD800D230A2 /* AnimateSampleTests.swift in Sources */ = {isa = PBXBuildFile; fileRef = 674F0B7A1D094FD800D230A2 /* AnimateSampleTests.swift */; };
		674F0B861D094FD800D230A2 /* AnimateSampleUITests.swift in Sources */ = {isa = PBXBuildFile; fileRef = 674F0B851D094FD800D230A2 /* AnimateSampleUITests.swift */; };
		674F0B941D09501300D230A2 /* HomeBarConnect.swift in Sources */ = {isa = PBXBuildFile; fileRef = 674F0B931D09501300D230A2 /* HomeBarConnect.swift */; };
		674F0B961D09519100D230A2 /* UIColor.swift in Sources */ = {isa = PBXBuildFile; fileRef = 674F0B951D09519100D230A2 /* UIColor.swift */; };
/* End PBXBuildFile section */

/* Begin PBXContainerItemProxy section */
		674F0B771D094FD800D230A2 /* PBXContainerItemProxy */ = {
			isa = PBXContainerItemProxy;
			containerPortal = 674F0B5A1D094FD700D230A2 /* Project object */;
			proxyType = 1;
			remoteGlobalIDString = 674F0B611D094FD700D230A2;
			remoteInfo = AnimateSample;
		};
		674F0B821D094FD800D230A2 /* PBXContainerItemProxy */ = {
			isa = PBXContainerItemProxy;
			containerPortal = 674F0B5A1D094FD700D230A2 /* Project object */;
			proxyType = 1;
			remoteGlobalIDString = 674F0B611D094FD700D230A2;
			remoteInfo = AnimateSample;
		};
/* End PBXContainerItemProxy section */

/* Begin PBXFileReference section */
		674F0B621D094FD700D230A2 /* AnimateSample.app */ = {isa = PBXFileReference; explicitFileType = wrapper.application; includeInIndex = 0; path = AnimateSample.app; sourceTree = BUILT_PRODUCTS_DIR; };
		674F0B651D094FD700D230A2 /* AppDelegate.swift */ = {isa = PBXFileReference; lastKnownFileType = sourcecode.swift; path = AppDelegate.swift; sourceTree = "<group>"; };
		674F0B671D094FD700D230A2 /* ViewController.swift */ = {isa = PBXFileReference; lastKnownFileType = sourcecode.swift; path = ViewController.swift; sourceTree = "<group>"; };
		674F0B6A1D094FD700D230A2 /* Base */ = {isa = PBXFileReference; lastKnownFileType = file.storyboard; name = Base; path = Base.lproj/Main.storyboard; sourceTree = "<group>"; };
		674F0B6C1D094FD700D230A2 /* Assets.xcassets */ = {isa = PBXFileReference; lastKnownFileType = folder.assetcatalog; path = Assets.xcassets; sourceTree = "<group>"; };
		674F0B6F1D094FD700D230A2 /* Base */ = {isa = PBXFileReference; lastKnownFileType = file.storyboard; name = Base; path = Base.lproj/LaunchScreen.storyboard; sourceTree = "<group>"; };
		674F0B711D094FD700D230A2 /* Info.plist */ = {isa = PBXFileReference; lastKnownFileType = text.plist.xml; path = Info.plist; sourceTree = "<group>"; };
		674F0B761D094FD800D230A2 /* AnimateSampleTests.xctest */ = {isa = PBXFileReference; explicitFileType = wrapper.cfbundle; includeInIndex = 0; path = AnimateSampleTests.xctest; sourceTree = BUILT_PRODUCTS_DIR; };
		674F0B7A1D094FD800D230A2 /* AnimateSampleTests.swift */ = {isa = PBXFileReference; lastKnownFileType = sourcecode.swift; path = AnimateSampleTests.swift; sourceTree = "<group>"; };
		674F0B7C1D094FD800D230A2 /* Info.plist */ = {isa = PBXFileReference; lastKnownFileType = text.plist.xml; path = Info.plist; sourceTree = "<group>"; };
		674F0B811D094FD800D230A2 /* AnimateSampleUITests.xctest */ = {isa = PBXFileReference; explicitFileType = wrapper.cfbundle; includeInIndex = 0; path = AnimateSampleUITests.xctest; sourceTree = BUILT_PRODUCTS_DIR; };
		674F0B851D094FD800D230A2 /* AnimateSampleUITests.swift */ = {isa = PBXFileReference; lastKnownFileType = sourcecode.swift; path = AnimateSampleUITests.swift; sourceTree = "<group>"; };
		674F0B871D094FD800D230A2 /* Info.plist */ = {isa = PBXFileReference; lastKnownFileType = text.plist.xml; path = Info.plist; sourceTree = "<group>"; };
		674F0B931D09501300D230A2 /* HomeBarConnect.swift */ = {isa = PBXFileReference; fileEncoding = 4; lastKnownFileType = sourcecode.swift; path = HomeBarConnect.swift; sourceTree = "<group>"; };
		674F0B951D09519100D230A2 /* UIColor.swift */ = {isa = PBXFileReference; fileEncoding = 4; lastKnownFileType = sourcecode.swift; path = UIColor.swift; sourceTree = "<group>"; };
/* End PBXFileReference section */

/* Begin PBXFrameworksBuildPhase section */
		674F0B5F1D094FD700D230A2 /* Frameworks */ = {
			isa = PBXFrameworksBuildPhase;
			buildActionMask = 2147483647;
			files = (
			);
			runOnlyForDeploymentPostprocessing = 0;
		};
		674F0B731D094FD800D230A2 /* Frameworks */ = {
			isa = PBXFrameworksBuildPhase;
			buildActionMask = 2147483647;
			files = (
			);
			runOnlyForDeploymentPostprocessing = 0;
		};
		674F0B7E1D094FD800D230A2 /* Frameworks */ = {
			isa = PBXFrameworksBuildPhase;
			buildActionMask = 2147483647;
			files = (
			);
			runOnlyForDeploymentPostprocessing = 0;
		};
/* End PBXFrameworksBuildPhase section */

/* Begin PBXGroup section */
		674F0B591D094FD700D230A2 = {
			isa = PBXGroup;
			children = (
				674F0B641D094FD700D230A2 /* AnimateSample */,
				674F0B791D094FD800D230A2 /* AnimateSampleTests */,
				674F0B841D094FD800D230A2 /* AnimateSampleUITests */,
				674F0B631D094FD700D230A2 /* Products */,
			);
			sourceTree = "<group>";
		};
		674F0B631D094FD700D230A2 /* Products */ = {
			isa = PBXGroup;
			children = (
				674F0B621D094FD700D230A2 /* AnimateSample.app */,
				674F0B761D094FD800D230A2 /* AnimateSampleTests.xctest */,
				674F0B811D094FD800D230A2 /* AnimateSampleUITests.xctest */,
			);
			name = Products;
			sourceTree = "<group>";
		};
		674F0B641D094FD700D230A2 /* AnimateSample */ = {
			isa = PBXGroup;
			children = (
				674F0B931D09501300D230A2 /* HomeBarConnect.swift */,
				674F0B651D094FD700D230A2 /* AppDelegate.swift */,
				674F0B671D094FD700D230A2 /* ViewController.swift */,
				674F0B691D094FD700D230A2 /* Main.storyboard */,
				674F0B6C1D094FD700D230A2 /* Assets.xcassets */,
				674F0B6E1D094FD700D230A2 /* LaunchScreen.storyboard */,
				674F0B711D094FD700D230A2 /* Info.plist */,
				674F0B951D09519100D230A2 /* UIColor.swift */,
			);
			path = AnimateSample;
			sourceTree = "<group>";
		};
		674F0B791D094FD800D230A2 /* AnimateSampleTests */ = {
			isa = PBXGroup;
			children = (
				674F0B7A1D094FD800D230A2 /* AnimateSampleTests.swift */,
				674F0B7C1D094FD800D230A2 /* Info.plist */,
			);
			path = AnimateSampleTests;
			sourceTree = "<group>";
		};
		674F0B841D094FD800D230A2 /* AnimateSampleUITests */ = {
			isa = PBXGroup;
			children = (
				674F0B851D094FD800D230A2 /* AnimateSampleUITests.swift */,
				674F0B871D094FD800D230A2 /* Info.plist */,
			);
			path = AnimateSampleUITests;
			sourceTree = "<group>";
		};
/* End PBXGroup section */

/* Begin PBXNativeTarget section */
		674F0B611D094FD700D230A2 /* AnimateSample */ = {
			isa = PBXNativeTarget;
			buildConfigurationList = 674F0B8A1D094FD800D230A2 /* Build configuration list for PBXNativeTarget "AnimateSample" */;
			buildPhases = (
				674F0B5E1D094FD700D230A2 /* Sources */,
				674F0B5F1D094FD700D230A2 /* Frameworks */,
				674F0B601D094FD700D230A2 /* Resources */,
			);
			buildRules = (
			);
			dependencies = (
			);
			name = AnimateSample;
			productName = AnimateSample;
			productReference = 674F0B621D094FD700D230A2 /* AnimateSample.app */;
			productType = "com.apple.product-type.application";
		};
		674F0B751D094FD800D230A2 /* AnimateSampleTests */ = {
			isa = PBXNativeTarget;
			buildConfigurationList = 674F0B8D1D094FD800D230A2 /* Build configuration list for PBXNativeTarget "AnimateSampleTests" */;
			buildPhases = (
				674F0B721D094FD800D230A2 /* Sources */,
				674F0B731D094FD800D230A2 /* Frameworks */,
				674F0B741D094FD800D230A2 /* Resources */,
			);
			buildRules = (
			);
			dependencies = (
				674F0B781D094FD800D230A2 /* PBXTargetDependency */,
			);
			name = AnimateSampleTests;
			productName = AnimateSampleTests;
			productReference = 674F0B761D094FD800D230A2 /* AnimateSampleTests.xctest */;
			productType = "com.apple.product-type.bundle.unit-test";
		};
		674F0B801D094FD800D230A2 /* AnimateSampleUITests */ = {
			isa = PBXNativeTarget;
			buildConfigurationList = 674F0B901D094FD800D230A2 /* Build configuration list for PBXNativeTarget "AnimateSampleUITests" */;
			buildPhases = (
				674F0B7D1D094FD800D230A2 /* Sources */,
				674F0B7E1D094FD800D230A2 /* Frameworks */,
				674F0B7F1D094FD800D230A2 /* Resources */,
			);
			buildRules = (
			);
			dependencies = (
				674F0B831D094FD800D230A2 /* PBXTargetDependency */,
			);
			name = AnimateSampleUITests;
			productName = AnimateSampleUITests;
			productReference = 674F0B811D094FD800D230A2 /* AnimateSampleUITests.xctest */;
			productType = "com.apple.product-type.bundle.ui-testing";
		};
/* End PBXNativeTarget section */

/* Begin PBXProject section */
		674F0B5A1D094FD700D230A2 /* Project object */ = {
			isa = PBXProject;
			attributes = {
				LastSwiftUpdateCheck = 0730;
				LastUpgradeCheck = 0730;
				ORGANIZATIONNAME = HomeBar;
				TargetAttributes = {
					674F0B611D094FD700D230A2 = {
						CreatedOnToolsVersion = 7.3.1;
					};
					674F0B751D094FD800D230A2 = {
						CreatedOnToolsVersion = 7.3.1;
						TestTargetID = 674F0B611D094FD700D230A2;
					};
					674F0B801D094FD800D230A2 = {
						CreatedOnToolsVersion = 7.3.1;
						TestTargetID = 674F0B611D094FD700D230A2;
					};
				};
			};
			buildConfigurationList = 674F0B5D1D094FD700D230A2 /* Build configuration list for PBXProject "AnimateSample" */;
			compatibilityVersion = "Xcode 3.2";
			developmentRegion = English;
			hasScannedForEncodings = 0;
			knownRegions = (
				en,
				Base,
			);
			mainGroup = 674F0B591D094FD700D230A2;
			productRefGroup = 674F0B631D094FD700D230A2 /* Products */;
			projectDirPath = "";
			projectRoot = "";
			targets = (
				674F0B611D094FD700D230A2 /* AnimateSample */,
				674F0B751D094FD800D230A2 /* AnimateSampleTests */,
				674F0B801D094FD800D230A2 /* AnimateSampleUITests */,
			);
		};
/* End PBXProject section */

/* Begin PBXResourcesBuildPhase section */
		674F0B601D094FD700D230A2 /* Resources */ = {
			isa = PBXResourcesBuildPhase;
			buildActionMask = 2147483647;
			files = (
				674F0B701D094FD700D230A2 /* LaunchScreen.storyboard in Resources */,
				674F0B6D1D094FD700D230A2 /* Assets.xcassets in Resources */,
				674F0B6B1D094FD700D230A2 /* Main.storyboard in Resources */,
			);
			runOnlyForDeploymentPostprocessing = 0;
		};
		674F0B741D094FD800D230A2 /* Resources */ = {
			isa = PBXResourcesBuildPhase;
			buildActionMask = 2147483647;
			files = (
			);
			runOnlyForDeploymentPostprocessing = 0;
		};
		674F0B7F1D094FD800D230A2 /* Resources */ = {
			isa = PBXResourcesBuildPhase;
			buildActionMask = 2147483647;
			files = (
			);
			runOnlyForDeploymentPostprocessing = 0;
		};
/* End PBXResourcesBuildPhase section */

/* Begin PBXSourcesBuildPhase section */
		674F0B5E1D094FD700D230A2 /* Sources */ = {
			isa = PBXSourcesBuildPhase;
			buildActionMask = 2147483647;
			files = (
				674F0B681D094FD700D230A2 /* ViewController.swift in Sources */,
				674F0B961D09519100D230A2 /* UIColor.swift in Sources */,
				674F0B941D09501300D230A2 /* HomeBarConnect.swift in Sources */,
				674F0B661D094FD700D230A2 /* AppDelegate.swift in Sources */,
			);
			runOnlyForDeploymentPostprocessing = 0;
		};
		674F0B721D094FD800D230A2 /* Sources */ = {
			isa = PBXSourcesBuildPhase;
			buildActionMask = 2147483647;
			files = (
				674F0B7B1D094FD800D230A2 /* AnimateSampleTests.swift in Sources */,
			);
			runOnlyForDeploymentPostprocessing = 0;
		};
		674F0B7D1D094FD800D230A2 /* Sources */ = {
			isa = PBXSourcesBuildPhase;
			buildActionMask = 2147483647;
			files = (
				674F0B861D094FD800D230A2 /* AnimateSampleUITests.swift in Sources */,
			);
			runOnlyForDeploymentPostprocessing = 0;
		};
/* End PBXSourcesBuildPhase section */

/* Begin PBXTargetDependency section */
		674F0B781D094FD800D230A2 /* PBXTargetDependency */ = {
			isa = PBXTargetDependency;
			target = 674F0B611D094FD700D230A2 /* AnimateSample */;
			targetProxy = 674F0B771D094FD800D230A2 /* PBXContainerItemProxy */;
		};
		674F0B831D094FD800D230A2 /* PBXTargetDependency */ = {
			isa = PBXTargetDependency;
			target = 674F0B611D094FD700D230A2 /* AnimateSample */;
			targetProxy = 674F0B821D094FD800D230A2 /* PBXContainerItemProxy */;
		};
/* End PBXTargetDependency section */

/* Begin PBXVariantGroup section */
		674F0B691D094FD700D230A2 /* Main.storyboard */ = {
			isa = PBXVariantGroup;
			children = (
				674F0B6A1D094FD700D230A2 /* Base */,
			);
			name = Main.storyboard;
			sourceTree = "<group>";
		};
		674F0B6E1D094FD700D230A2 /* LaunchScreen.storyboard */ = {
			isa = PBXVariantGroup;
			children = (
				674F0B6F1D094FD700D230A2 /* Base */,
			);
			name = LaunchScreen.storyboard;
			sourceTree = "<group>";
		};
/* End PBXVariantGroup section */

/* Begin XCBuildConfiguration section */
		674F0B881D094FD800D230A2 /* Debug */ = {
			isa = XCBuildConfiguration;
			buildSettings = {
				ALWAYS_SEARCH_USER_PATHS = NO;
				CLANG_ANALYZER_NONNULL = YES;
				CLANG_CXX_LANGUAGE_STANDARD = "gnu++0x";
				CLANG_CXX_LIBRARY = "libc++";
				CLANG_ENABLE_MODULES = YES;
				CLANG_ENABLE_OBJC_ARC = YES;
				CLANG_WARN_BOOL_CONVERSION = YES;
				CLANG_WARN_CONSTANT_CONVERSION = YES;
				CLANG_WARN_DIRECT_OBJC_ISA_USAGE = YES_ERROR;
				CLANG_WARN_EMPTY_BODY = YES;
				CLANG_WARN_ENUM_CONVERSION = YES;
				CLANG_WARN_INT_CONVERSION = YES;
				CLANG_WARN_OBJC_ROOT_CLASS = YES_ERROR;
				CLANG_WARN_UNREACHABLE_CODE = YES;
				CLANG_WARN__DUPLICATE_METHOD_MATCH = YES;
				"CODE_SIGN_IDENTITY[sdk=iphoneos*]" = "iPhone Developer";
				COPY_PHASE_STRIP = NO;
				DEBUG_INFORMATION_FORMAT = dwarf;
				ENABLE_STRICT_OBJC_MSGSEND = YES;
				ENABLE_TESTABILITY = YES;
				GCC_C_LANGUAGE_STANDARD = gnu99;
				GCC_DYNAMIC_NO_PIC = NO;
				GCC_NO_COMMON_BLOCKS = YES;
				GCC_OPTIMIZATION_LEVEL = 0;
				GCC_PREPROCESSOR_DEFINITIONS = (
					"DEBUG=1",
					"$(inherited)",
				);
				GCC_WARN_64_TO_32_BIT_CONVERSION = YES;
				GCC_WARN_ABOUT_RETURN_TYPE = YES_ERROR;
				GCC_WARN_UNDECLARED_SELECTOR = YES;
				GCC_WARN_UNINITIALIZED_AUTOS = YES_AGGRESSIVE;
				GCC_WARN_UNUSED_FUNCTION = YES;
				GCC_WARN_UNUSED_VARIABLE = YES;
				IPHONEOS_DEPLOYMENT_TARGET = 9.3;
				MTL_ENABLE_DEBUG_INFO = YES;
				ONLY_ACTIVE_ARCH = YES;
				SDKROOT = iphoneos;
				SWIFT_OPTIMIZATION_LEVEL = "-Onone";
				TARGETED_DEVICE_FAMILY = "1,2";
			};
			name = Debug;
		};
		674F0B891D094FD800D230A2 /* Release */ = {
			isa = XCBuildConfiguration;
			buildSettings = {
				ALWAYS_SEARCH_USER_PATHS = NO;
				CLANG_ANALYZER_NONNULL = YES;
				CLANG_CXX_LANGUAGE_STANDARD = "gnu++0x";
				CLANG_CXX_LIBRARY = "libc++";
				CLANG_ENABLE_MODULES = YES;
				CLANG_ENABLE_OBJC_ARC = YES;
				CLANG_WARN_BOOL_CONVERSION = YES;
				CLANG_WARN_CONSTANT_CONVERSION = YES;
				CLANG_WARN_DIRECT_OBJC_ISA_USAGE = YES_ERROR;
				CLANG_WARN_EMPTY_BODY = YES;
				CLANG_WARN_ENUM_CONVERSION = YES;
				CLANG_WARN_INT_CONVERSION = YES;
				CLANG_WARN_OBJC_ROOT_CLASS = YES_ERROR;
				CLANG_WARN_UNREACHABLE_CODE = YES;
				CLANG_WARN__DUPLICATE_METHOD_MATCH = YES;
				"CODE_SIGN_IDENTITY[sdk=iphoneos*]" = "iPhone Developer";
				COPY_PHASE_STRIP = NO;
				DEBUG_INFORMATION_FORMAT = "dwarf-with-dsym";
				ENABLE_NS_ASSERTIONS = NO;
				ENABLE_STRICT_OBJC_MSGSEND = YES;
				GCC_C_LANGUAGE_STANDARD = gnu99;
				GCC_NO_COMMON_BLOCKS = YES;
				GCC_WARN_64_TO_32_BIT_CONVERSION = YES;
				GCC_WARN_ABOUT_RETURN_TYPE = YES_ERROR;
				GCC_WARN_UNDECLARED_SELECTOR = YES;
				GCC_WARN_UNINITIALIZED_AUTOS = YES_AGGRESSIVE;
				GCC_WARN_UNUSED_FUNCTION = YES;
				GCC_WARN_UNUSED_VARIABLE = YES;
				IPHONEOS_DEPLOYMENT_TARGET = 9.3;
				MTL_ENABLE_DEBUG_INFO = NO;
				SDKROOT = iphoneos;
				TARGETED_DEVICE_FAMILY = "1,2";
				VALIDATE_PRODUCT = YES;
			};
			name = Release;
		};
		674F0B8B1D094FD800D230A2 /* Debug */ = {
			isa = XCBuildConfiguration;
			buildSettings = {
				ASSETCATALOG_COMPILER_APPICON_NAME = AppIcon;
				INFOPLIST_FILE = AnimateSample/Info.plist;
				IPHONEOS_DEPLOYMENT_TARGET = 8.0;
				LD_RUNPATH_SEARCH_PATHS = "$(inherited) @executable_path/Frameworks";
				PRODUCT_BUNDLE_IDENTIFIER = com.smarthito.AnimateSample;
				PRODUCT_NAME = "$(TARGET_NAME)";
				TARGETED_DEVICE_FAMILY = "1,2";
			};
			name = Debug;
		};
		674F0B8C1D094FD800D230A2 /* Release */ = {
			isa = XCBuildConfiguration;
			buildSettings = {
				ASSETCATALOG_COMPILER_APPICON_NAME = AppIcon;
				INFOPLIST_FILE = AnimateSample/Info.plist;
				IPHONEOS_DEPLOYMENT_TARGET = 8.0;
				LD_RUNPATH_SEARCH_PATHS = "$(inherited) @executable_path/Frameworks";
				PRODUCT_BUNDLE_IDENTIFIER = com.smarthito.AnimateSample;
				PRODUCT_NAME = "$(TARGET_NAME)";
				TARGETED_DEVICE_FAMILY = "1,2";
			};
			name = Release;
		};
		674F0B8E1D094FD800D230A2 /* Debug */ = {
			isa = XCBuildConfiguration;
			buildSettings = {
				BUNDLE_LOADER = "$(TEST_HOST)";
				INFOPLIST_FILE = AnimateSampleTests/Info.plist;
				LD_RUNPATH_SEARCH_PATHS = "$(inherited) @executable_path/Frameworks @loader_path/Frameworks";
				PRODUCT_BUNDLE_IDENTIFIER = com.smarthito.AnimateSampleTests;
				PRODUCT_NAME = "$(TARGET_NAME)";
				TEST_HOST = "$(BUILT_PRODUCTS_DIR)/AnimateSample.app/AnimateSample";
			};
			name = Debug;
		};
		674F0B8F1D094FD800D230A2 /* Release */ = {
			isa = XCBuildConfiguration;
			buildSettings = {
				BUNDLE_LOADER = "$(TEST_HOST)";
				INFOPLIST_FILE = AnimateSampleTests/Info.plist;
				LD_RUNPATH_SEARCH_PATHS = "$(inherited) @executable_path/Frameworks @loader_path/Frameworks";
				PRODUCT_BUNDLE_IDENTIFIER = com.smarthito.AnimateSampleTests;
				PRODUCT_NAME = "$(TARGET_NAME)";
				TEST_HOST = "$(BUILT_PRODUCTS_DIR)/AnimateSample.app/AnimateSample";
			};
			name = Release;
		};
		674F0B911D094FD800D230A2 /* Debug */ = {
			isa = XCBuildConfiguration;
			buildSettings = {
				INFOPLIST_FILE = AnimateSampleUITests/Info.plist;
				LD_RUNPATH_SEARCH_PATHS = "$(inherited) @executable_path/Frameworks @loader_path/Frameworks";
				PRODUCT_BUNDLE_IDENTIFIER = com.smarthito.AnimateSampleUITests;
				PRODUCT_NAME = "$(TARGET_NAME)";
				TEST_TARGET_NAME = AnimateSample;
			};
			name = Debug;
		};
		674F0B921D094FD800D230A2 /* Release */ = {
			isa = XCBuildConfiguration;
			buildSettings = {
				INFOPLIST_FILE = AnimateSampleUITests/Info.plist;
				LD_RUNPATH_SEARCH_PATHS = "$(inherited) @executable_path/Frameworks @loader_path/Frameworks";
				PRODUCT_BUNDLE_IDENTIFIER = com.smarthito.AnimateSampleUITests;
				PRODUCT_NAME = "$(TARGET_NAME)";
				TEST_TARGET_NAME = AnimateSample;
			};
			name = Release;
		};
/* End XCBuildConfiguration section */

/* Begin XCConfigurationList section */
		674F0B5D1D094FD700D230A2 /* Build configuration list for PBXProject "AnimateSample" */ = {
			isa = XCConfigurationList;
			buildConfigurations = (
				674F0B881D094FD800D230A2 /* Debug */,
				674F0B891D094FD800D230A2 /* Release */,
			);
			defaultConfigurationIsVisible = 0;
			defaultConfigurationName = Release;
		};
		674F0B8A1D094FD800D230A2 /* Build configuration list for PBXNativeTarget "AnimateSample" */ = {
			isa = XCConfigurationList;
			buildConfigurations = (
				674F0B8B1D094FD800D230A2 /* Debug */,
				674F0B8C1D094FD800D230A2 /* Release */,
			);
			defaultConfigurationIsVisible = 0;
		};
		674F0B8D1D094FD800D230A2 /* Build configuration list for PBXNativeTarget "AnimateSampleTests" */ = {
			isa = XCConfigurationList;
			buildConfigurations = (
				674F0B8E1D094FD800D230A2 /* Debug */,
				674F0B8F1D094FD800D230A2 /* Release */,
			);
			defaultConfigurationIsVisible = 0;
		};
		674F0B901D094FD800D230A2 /* Build configuration list for PBXNativeTarget "AnimateSampleUITests" */ = {
			isa = XCConfigurationList;
			buildConfigurations = (
				674F0B911D094FD800D230A2 /* Debug */,
				674F0B921D094FD800D230A2 /* Release */,
			);
			defaultConfigurationIsVisible = 0;
		};
/* End XCConfigurationList section */
	};
	rootObject = 674F0B5A1D094FD700D230A2 /* Project object */;
}
